
Microsoft Visual Studio Solution File, Format Version 12.00
# Visual Studio Version 17
VisualStudioVersion = 17.7.34031.279
MinimumVisualStudioVersion = 10.0.40219.1
Project("{FAE04EC0-301F-11D3-BF4B-00C04F79EFBC}") = "WWBT", "WWBT\WWBT.csproj", "{04C95072-70DD-41FF-86FC-278D2B594402}"
EndProject
Global
	GlobalSection(SolutionConfigurationPlatforms) = preSolution
		Debug|Any CPU = Debug|Any CPU
		Release|Any CPU = Release|Any CPU
	EndGlobalSection
	GlobalSection(ProjectConfigurationPlatforms) = postSolution
		{04C95072-70DD-41FF-86FC-278D2B594402}.Debug|Any CPU.ActiveCfg = Debug|Any CPU
		{04C95072-70DD-41FF-86FC-278D2B594402}.Debug|Any CPU.Build.0 = Debug|Any CPU
		{04C95072-70DD-41FF-86FC-278D2B594402}.Release|Any CPU.ActiveCfg = Release|Any CPU
		{04C95072-70DD-41FF-86FC-278D2B594402}.Release|Any CPU.Build.0 = Release|Any CPU
	EndGlobalSection
	GlobalSection(SolutionProperties) = preSolution
		HideSolutionNode = FALSE
	EndGlobalSection
	GlobalSection(ExtensibilityGlobals) = postSolution
		SolutionGuid = {DEE2DF3A-A2A6-4157-8974-BC2C6630B343}
	EndGlobalSection
EndGlobal
